
Microsoft Visual Studio Solution File, Format Version 12.00
# Visual Studio Version 16
VisualStudioVersion = 16.0.28922.388
MinimumVisualStudioVersion = 10.0.40219.1
Project("{FAE04EC0-301F-11D3-BF4B-00C04F79EFBC}") = "NancyConsoleServer", "NancyConsoleServer\NancyConsoleServer.csproj", "{329E0379-02FC-419A-B38D-65BDB536210D}"
EndProject
Global
	GlobalSection(SolutionConfigurationPlatforms) = preSolution
		Debug|Any CPU = Debug|Any CPU
		Release|Any CPU = Release|Any CPU
	EndGlobalSection
	GlobalSection(ProjectConfigurationPlatforms) = postSolution
		{329E0379-02FC-419A-B38D-65BDB536210D}.Debug|Any CPU.ActiveCfg = Debug|Any CPU
		{329E0379-02FC-419A-B38D-65BDB536210D}.Debug|Any CPU.Build.0 = Debug|Any CPU
		{329E0379-02FC-419A-B38D-65BDB536210D}.Release|Any CPU.ActiveCfg = Release|Any CPU
		{329E0379-02FC-419A-B38D-65BDB536210D}.Release|Any CPU.Build.0 = Release|Any CPU
	EndGlobalSection
	GlobalSection(SolutionProperties) = preSolution
		HideSolutionNode = FALSE
	EndGlobalSection
	GlobalSection(ExtensibilityGlobals) = postSolution
		SolutionGuid = {D34B15E6-1085-4F54-9693-EE3E913E0C26}
	EndGlobalSection
EndGlobal
